{
    "_readme": [
        "This file locks the dependencies of your project to a known state",
        "Read more about it at https://getcomposer.org/doc/01-basic-usage.md#installing-dependencies",
        "This file is @generated automatically"
    ],
    "content-hash": "18b251f79a88c898bb7b2cdeff49af60",
    "packages": [
        {
            "name": "ivopetkov/html5-dom-document-php",
            "version": "v2.2.5",
            "source": {
                "type": "git",
                "url": "https://github.com/ivopetkov/html5-dom-document-php.git",
                "reference": "2dceb001024f1543def2e3c772f160a83def837e"
            },
            "dist": {
                "type": "zip",
                "url": "https://api.github.com/repos/ivopetkov/html5-dom-document-php/zipball/2dceb001024f1543def2e3c772f160a83def837e",
                "reference": "2dceb001024f1543def2e3c772f160a83def837e",
                "shasum": ""
            },
            "require": {
                "ext-dom": "*",
                "php": ">=7.0.0"
            },
            "require-dev": {
                "ivopetkov/docs-generator": "0.2.*",
                "phpunit/phpunit": "6.*"
            },
            "type": "library",
            "autoload": {
                "files": [
                    "autoload.php"
                ]
            },
            "notification-url": "https://packagist.org/downloads/",
            "license": [
                "MIT"
            ],
            "authors": [
                {
                    "name": "Ivo Petkov",
                    "email": "ivo@ivopetkov.com",
                    "homepage": "http://ivopetkov.com"
                }
            ],
            "description": "HTML5 DOMDocument PHP library (extends DOMDocument)",
            "time": "2020-10-28T17:04:40+00:00"
        }
    ],
    "packages-dev": [],
    "aliases": [],
    "minimum-stability": "stable",
    "stability-flags": [],
    "prefer-stable": false,
    "prefer-lowest": false,
    "platform": [],
    "platform-dev": [],
    "plugin-api-version": "1.1.0"
}
